// !$*UTF8*$!
{
	archiveVersion = 1;
	classes = {
	};
	objectVersion = 50;
	objects = {

/* Begin PBXBuildFile section */
		B91F907B26CDFCE100FDAC9B /* tragent_iosApp.swift in Sources */ = {isa = PBXBuildFile; fileRef = B91F907A26CDFCE100FDAC9B /* tragent_iosApp.swift */; };
		B91F907D26CDFCE100FDAC9B /* ContentView.swift in Sources */ = {isa = PBXBuildFile; fileRef = B91F907C26CDFCE100FDAC9B /* ContentView.swift */; };
		B91F907F26CDFCE300FDAC9B /* Assets.xcassets in Resources */ = {isa = PBXBuildFile; fileRef = B91F907E26CDFCE300FDAC9B /* Assets.xcassets */; };
		B91F908226CDFCE300FDAC9B /* Preview Assets.xcassets in Resources */ = {isa = PBXBuildFile; fileRef = B91F908126CDFCE300FDAC9B /* Preview Assets.xcassets */; };
		B91F908D26CDFCE400FDAC9B /* tragent_iosTests.swift in Sources */ = {isa = PBXBuildFile; fileRef = B91F908C26CDFCE400FDAC9B /* tragent_iosTests.swift */; };
		B91F909826CDFCE400FDAC9B /* tragent_iosUITests.swift in Sources */ = {isa = PBXBuildFile; fileRef = B91F909726CDFCE400FDAC9B /* tragent_iosUITests.swift */; };
/* End PBXBuildFile section */

/* Begin PBXContainerItemProxy section */
		B91F908926CDFCE400FDAC9B /* PBXContainerItemProxy */ = {
			isa = PBXContainerItemProxy;
			containerPortal = B91F906F26CDFCE100FDAC9B /* Project object */;
			proxyType = 1;
			remoteGlobalIDString = B91F907626CDFCE100FDAC9B;
			remoteInfo = tragent_ios;
		};
		B91F909426CDFCE400FDAC9B /* PBXContainerItemProxy */ = {
			isa = PBXContainerItemProxy;
			containerPortal = B91F906F26CDFCE100FDAC9B /* Project object */;
			proxyType = 1;
			remoteGlobalIDString = B91F907626CDFCE100FDAC9B;
			remoteInfo = tragent_ios;
		};
/* End PBXContainerItemProxy section */

/* Begin PBXFileReference section */
		B91F907726CDFCE100FDAC9B /* tragent_ios.app */ = {isa = PBXFileReference; explicitFileType = wrapper.application; includeInIndex = 0; path = tragent_ios.app; sourceTree = BUILT_PRODUCTS_DIR; };
		B91F907A26CDFCE100FDAC9B /* tragent_iosApp.swift */ = {isa = PBXFileReference; lastKnownFileType = sourcecode.swift; path = tragent_iosApp.swift; sourceTree = "<group>"; };
		B91F907C26CDFCE100FDAC9B /* ContentView.swift */ = {isa = PBXFileReference; lastKnownFileType = sourcecode.swift; path = ContentView.swift; sourceTree = "<group>"; };
		B91F907E26CDFCE300FDAC9B /* Assets.xcassets */ = {isa = PBXFileReference; lastKnownFileType = folder.assetcatalog; path = Assets.xcassets; sourceTree = "<group>"; };
		B91F908126CDFCE300FDAC9B /* Preview Assets.xcassets */ = {isa = PBXFileReference; lastKnownFileType = folder.assetcatalog; path = "Preview Assets.xcassets"; sourceTree = "<group>"; };
		B91F908326CDFCE400FDAC9B /* Info.plist */ = {isa = PBXFileReference; lastKnownFileType = text.plist.xml; path = Info.plist; sourceTree = "<group>"; };
		B91F908826CDFCE400FDAC9B /* tragent_iosTests.xctest */ = {isa = PBXFileReference; explicitFileType = wrapper.cfbundle; includeInIndex = 0; path = tragent_iosTests.xctest; sourceTree = BUILT_PRODUCTS_DIR; };
		B91F908C26CDFCE400FDAC9B /* tragent_iosTests.swift */ = {isa = PBXFileReference; lastKnownFileType = sourcecode.swift; path = tragent_iosTests.swift; sourceTree = "<group>"; };
		B91F908E26CDFCE400FDAC9B /* Info.plist */ = {isa = PBXFileReference; lastKnownFileType = text.plist.xml; path = Info.plist; sourceTree = "<group>"; };
		B91F909326CDFCE400FDAC9B /* tragent_iosUITests.xctest */ = {isa = PBXFileReference; explicitFileType = wrapper.cfbundle; includeInIndex = 0; path = tragent_iosUITests.xctest; sourceTree = BUILT_PRODUCTS_DIR; };
		B91F909726CDFCE400FDAC9B /* tragent_iosUITests.swift */ = {isa = PBXFileReference; lastKnownFileType = sourcecode.swift; path = tragent_iosUITests.swift; sourceTree = "<group>"; };
		B91F909926CDFCE400FDAC9B /* Info.plist */ = {isa = PBXFileReference; lastKnownFileType = text.plist.xml; path = Info.plist; sourceTree = "<group>"; };
/* End PBXFileReference section */

/* Begin PBXFrameworksBuildPhase section */
		B91F907426CDFCE100FDAC9B /* Frameworks */ = {
			isa = PBXFrameworksBuildPhase;
			buildActionMask = 2147483647;
			files = (
			);
			runOnlyForDeploymentPostprocessing = 0;
		};
		B91F908526CDFCE400FDAC9B /* Frameworks */ = {
			isa = PBXFrameworksBuildPhase;
			buildActionMask = 2147483647;
			files = (
			);
			runOnlyForDeploymentPostprocessing = 0;
		};
		B91F909026CDFCE400FDAC9B /* Frameworks */ = {
			isa = PBXFrameworksBuildPhase;
			buildActionMask = 2147483647;
			files = (
			);
			runOnlyForDeploymentPostprocessing = 0;
		};
/* End PBXFrameworksBuildPhase section */

/* Begin PBXGroup section */
		B91F906E26CDFCE100FDAC9B = {
			isa = PBXGroup;
			children = (
				B91F907926CDFCE100FDAC9B /* tragent_ios */,
				B91F908B26CDFCE400FDAC9B /* tragent_iosTests */,
				B91F909626CDFCE400FDAC9B /* tragent_iosUITests */,
				B91F907826CDFCE100FDAC9B /* Products */,
			);
			sourceTree = "<group>";
		};
		B91F907826CDFCE100FDAC9B /* Products */ = {
			isa = PBXGroup;
			children = (
				B91F907726CDFCE100FDAC9B /* tragent_ios.app */,
				B91F908826CDFCE400FDAC9B /* tragent_iosTests.xctest */,
				B91F909326CDFCE400FDAC9B /* tragent_iosUITests.xctest */,
			);
			name = Products;
			sourceTree = "<group>";
		};
		B91F907926CDFCE100FDAC9B /* tragent_ios */ = {
			isa = PBXGroup;
			children = (
				B91F907A26CDFCE100FDAC9B /* tragent_iosApp.swift */,
				B91F907C26CDFCE100FDAC9B /* ContentView.swift */,
				B91F907E26CDFCE300FDAC9B /* Assets.xcassets */,
				B91F908326CDFCE400FDAC9B /* Info.plist */,
				B91F908026CDFCE300FDAC9B /* Preview Content */,
			);
			path = tragent_ios;
			sourceTree = "<group>";
		};
		B91F908026CDFCE300FDAC9B /* Preview Content */ = {
			isa = PBXGroup;
			children = (
				B91F908126CDFCE300FDAC9B /* Preview Assets.xcassets */,
			);
			path = "Preview Content";
			sourceTree = "<group>";
		};
		B91F908B26CDFCE400FDAC9B /* tragent_iosTests */ = {
			isa = PBXGroup;
			children = (
				B91F908C26CDFCE400FDAC9B /* tragent_iosTests.swift */,
				B91F908E26CDFCE400FDAC9B /* Info.plist */,
			);
			path = tragent_iosTests;
			sourceTree = "<group>";
		};
		B91F909626CDFCE400FDAC9B /* tragent_iosUITests */ = {
			isa = PBXGroup;
			children = (
				B91F909726CDFCE400FDAC9B /* tragent_iosUITests.swift */,
				B91F909926CDFCE400FDAC9B /* Info.plist */,
			);
			path = tragent_iosUITests;
			sourceTree = "<group>";
		};
/* End PBXGroup section */

/* Begin PBXNativeTarget section */
		B91F907626CDFCE100FDAC9B /* tragent_ios */ = {
			isa = PBXNativeTarget;
			buildConfigurationList = B91F909C26CDFCE400FDAC9B /* Build configuration list for PBXNativeTarget "tragent_ios" */;
			buildPhases = (
				B91F907326CDFCE100FDAC9B /* Sources */,
				B91F907426CDFCE100FDAC9B /* Frameworks */,
				B91F907526CDFCE100FDAC9B /* Resources */,
			);
			buildRules = (
			);
			dependencies = (
			);
			name = tragent_ios;
			productName = tragent_ios;
			productReference = B91F907726CDFCE100FDAC9B /* tragent_ios.app */;
			productType = "com.apple.product-type.application";
		};
		B91F908726CDFCE400FDAC9B /* tragent_iosTests */ = {
			isa = PBXNativeTarget;
			buildConfigurationList = B91F909F26CDFCE400FDAC9B /* Build configuration list for PBXNativeTarget "tragent_iosTests" */;
			buildPhases = (
				B91F908426CDFCE400FDAC9B /* Sources */,
				B91F908526CDFCE400FDAC9B /* Frameworks */,
				B91F908626CDFCE400FDAC9B /* Resources */,
			);
			buildRules = (
			);
			dependencies = (
				B91F908A26CDFCE400FDAC9B /* PBXTargetDependency */,
			);
			name = tragent_iosTests;
			productName = tragent_iosTests;
			productReference = B91F908826CDFCE400FDAC9B /* tragent_iosTests.xctest */;
			productType = "com.apple.product-type.bundle.unit-test";
		};
		B91F909226CDFCE400FDAC9B /* tragent_iosUITests */ = {
			isa = PBXNativeTarget;
			buildConfigurationList = B91F90A226CDFCE400FDAC9B /* Build configuration list for PBXNativeTarget "tragent_iosUITests" */;
			buildPhases = (
				B91F908F26CDFCE400FDAC9B /* Sources */,
				B91F909026CDFCE400FDAC9B /* Frameworks */,
				B91F909126CDFCE400FDAC9B /* Resources */,
			);
			buildRules = (
			);
			dependencies = (
				B91F909526CDFCE400FDAC9B /* PBXTargetDependency */,
			);
			name = tragent_iosUITests;
			productName = tragent_iosUITests;
			productReference = B91F909326CDFCE400FDAC9B /* tragent_iosUITests.xctest */;
			productType = "com.apple.product-type.bundle.ui-testing";
		};
/* End PBXNativeTarget section */

/* Begin PBXProject section */
		B91F906F26CDFCE100FDAC9B /* Project object */ = {
			isa = PBXProject;
			attributes = {
				LastSwiftUpdateCheck = 1250;
				LastUpgradeCheck = 1250;
				TargetAttributes = {
					B91F907626CDFCE100FDAC9B = {
						CreatedOnToolsVersion = 12.5.1;
					};
					B91F908726CDFCE400FDAC9B = {
						CreatedOnToolsVersion = 12.5.1;
						TestTargetID = B91F907626CDFCE100FDAC9B;
					};
					B91F909226CDFCE400FDAC9B = {
						CreatedOnToolsVersion = 12.5.1;
						TestTargetID = B91F907626CDFCE100FDAC9B;
					};
				};
			};
			buildConfigurationList = B91F907226CDFCE100FDAC9B /* Build configuration list for PBXProject "tragent_ios" */;
			compatibilityVersion = "Xcode 9.3";
			developmentRegion = en;
			hasScannedForEncodings = 0;
			knownRegions = (
				en,
				Base,
			);
			mainGroup = B91F906E26CDFCE100FDAC9B;
			productRefGroup = B91F907826CDFCE100FDAC9B /* Products */;
			projectDirPath = "";
			projectRoot = "";
			targets = (
				B91F907626CDFCE100FDAC9B /* tragent_ios */,
				B91F908726CDFCE400FDAC9B /* tragent_iosTests */,
				B91F909226CDFCE400FDAC9B /* tragent_iosUITests */,
			);
		};
/* End PBXProject section */

/* Begin PBXResourcesBuildPhase section */
		B91F907526CDFCE100FDAC9B /* Resources */ = {
			isa = PBXResourcesBuildPhase;
			buildActionMask = 2147483647;
			files = (
				B91F908226CDFCE300FDAC9B /* Preview Assets.xcassets in Resources */,
				B91F907F26CDFCE300FDAC9B /* Assets.xcassets in Resources */,
			);
			runOnlyForDeploymentPostprocessing = 0;
		};
		B91F908626CDFCE400FDAC9B /* Resources */ = {
			isa = PBXResourcesBuildPhase;
			buildActionMask = 2147483647;
			files = (
			);
			runOnlyForDeploymentPostprocessing = 0;
		};
		B91F909126CDFCE400FDAC9B /* Resources */ = {
			isa = PBXResourcesBuildPhase;
			buildActionMask = 2147483647;
			files = (
			);
			runOnlyForDeploymentPostprocessing = 0;
		};
/* End PBXResourcesBuildPhase section */

/* Begin PBXSourcesBuildPhase section */
		B91F907326CDFCE100FDAC9B /* Sources */ = {
			isa = PBXSourcesBuildPhase;
			buildActionMask = 2147483647;
			files = (
				B91F907D26CDFCE100FDAC9B /* ContentView.swift in Sources */,
				B91F907B26CDFCE100FDAC9B /* tragent_iosApp.swift in Sources */,
			);
			runOnlyForDeploymentPostprocessing = 0;
		};
		B91F908426CDFCE400FDAC9B /* Sources */ = {
			isa = PBXSourcesBuildPhase;
			buildActionMask = 2147483647;
			files = (
				B91F908D26CDFCE400FDAC9B /* tragent_iosTests.swift in Sources */,
			);
			runOnlyForDeploymentPostprocessing = 0;
		};
		B91F908F26CDFCE400FDAC9B /* Sources */ = {
			isa = PBXSourcesBuildPhase;
			buildActionMask = 2147483647;
			files = (
				B91F909826CDFCE400FDAC9B /* tragent_iosUITests.swift in Sources */,
			);
			runOnlyForDeploymentPostprocessing = 0;
		};
/* End PBXSourcesBuildPhase section */

/* Begin PBXTargetDependency section */
		B91F908A26CDFCE400FDAC9B /* PBXTargetDependency */ = {
			isa = PBXTargetDependency;
			target = B91F907626CDFCE100FDAC9B /* tragent_ios */;
			targetProxy = B91F908926CDFCE400FDAC9B /* PBXContainerItemProxy */;
		};
		B91F909526CDFCE400FDAC9B /* PBXTargetDependency */ = {
			isa = PBXTargetDependency;
			target = B91F907626CDFCE100FDAC9B /* tragent_ios */;
			targetProxy = B91F909426CDFCE400FDAC9B /* PBXContainerItemProxy */;
		};
/* End PBXTargetDependency section */

/* Begin XCBuildConfiguration section */
		B91F909A26CDFCE400FDAC9B /* Debug */ = {
			isa = XCBuildConfiguration;
			buildSettings = {
				ALWAYS_SEARCH_USER_PATHS = NO;
				CLANG_ANALYZER_NONNULL = YES;
				CLANG_ANALYZER_NUMBER_OBJECT_CONVERSION = YES_AGGRESSIVE;
				CLANG_CXX_LANGUAGE_STANDARD = "gnu++14";
				CLANG_CXX_LIBRARY = "libc++";
				CLANG_ENABLE_MODULES = YES;
				CLANG_ENABLE_OBJC_ARC = YES;
				CLANG_ENABLE_OBJC_WEAK = YES;
				CLANG_WARN_BLOCK_CAPTURE_AUTORELEASING = YES;
				CLANG_WARN_BOOL_CONVERSION = YES;
				CLANG_WARN_COMMA = YES;
				CLANG_WARN_CONSTANT_CONVERSION = YES;
				CLANG_WARN_DEPRECATED_OBJC_IMPLEMENTATIONS = YES;
				CLANG_WARN_DIRECT_OBJC_ISA_USAGE = YES_ERROR;
				CLANG_WARN_DOCUMENTATION_COMMENTS = YES;
				CLANG_WARN_EMPTY_BODY = YES;
				CLANG_WARN_ENUM_CONVERSION = YES;
				CLANG_WARN_INFINITE_RECURSION = YES;
				CLANG_WARN_INT_CONVERSION = YES;
				CLANG_WARN_NON_LITERAL_NULL_CONVERSION = YES;
				CLANG_WARN_OBJC_IMPLICIT_RETAIN_SELF = YES;
				CLANG_WARN_OBJC_LITERAL_CONVERSION = YES;
				CLANG_WARN_OBJC_ROOT_CLASS = YES_ERROR;
				CLANG_WARN_QUOTED_INCLUDE_IN_FRAMEWORK_HEADER = YES;
				CLANG_WARN_RANGE_LOOP_ANALYSIS = YES;
				CLANG_WARN_STRICT_PROTOTYPES = YES;
				CLANG_WARN_SUSPICIOUS_MOVE = YES;
				CLANG_WARN_UNGUARDED_AVAILABILITY = YES_AGGRESSIVE;
				CLANG_WARN_UNREACHABLE_CODE = YES;
				CLANG_WARN__DUPLICATE_METHOD_MATCH = YES;
				COPY_PHASE_STRIP = NO;
				DEBUG_INFORMATION_FORMAT = dwarf;
				ENABLE_STRICT_OBJC_MSGSEND = YES;
				ENABLE_TESTABILITY = YES;
				GCC_C_LANGUAGE_STANDARD = gnu11;
				GCC_DYNAMIC_NO_PIC = NO;
				GCC_NO_COMMON_BLOCKS = YES;
				GCC_OPTIMIZATION_LEVEL = 0;
				GCC_PREPROCESSOR_DEFINITIONS = (
					"DEBUG=1",
					"$(inherited)",
				);
				GCC_WARN_64_TO_32_BIT_CONVERSION = YES;
				GCC_WARN_ABOUT_RETURN_TYPE = YES_ERROR;
				GCC_WARN_UNDECLARED_SELECTOR = YES;
				GCC_WARN_UNINITIALIZED_AUTOS = YES_AGGRESSIVE;
				GCC_WARN_UNUSED_FUNCTION = YES;
				GCC_WARN_UNUSED_VARIABLE = YES;
				IPHONEOS_DEPLOYMENT_TARGET = 14.5;
				MTL_ENABLE_DEBUG_INFO = INCLUDE_SOURCE;
				MTL_FAST_MATH = YES;
				ONLY_ACTIVE_ARCH = YES;
				SDKROOT = iphoneos;
				SWIFT_ACTIVE_COMPILATION_CONDITIONS = DEBUG;
				SWIFT_OPTIMIZATION_LEVEL = "-Onone";
			};
			name = Debug;
		};
		B91F909B26CDFCE400FDAC9B /* Release */ = {
			isa = XCBuildConfiguration;
			buildSettings = {
				ALWAYS_SEARCH_USER_PATHS = NO;
				CLANG_ANALYZER_NONNULL = YES;
				CLANG_ANALYZER_NUMBER_OBJECT_CONVERSION = YES_AGGRESSIVE;
				CLANG_CXX_LANGUAGE_STANDARD = "gnu++14";
				CLANG_CXX_LIBRARY = "libc++";
				CLANG_ENABLE_MODULES = YES;
				CLANG_ENABLE_OBJC_ARC = YES;
				CLANG_ENABLE_OBJC_WEAK = YES;
				CLANG_WARN_BLOCK_CAPTURE_AUTORELEASING = YES;
				CLANG_WARN_BOOL_CONVERSION = YES;
				CLANG_WARN_COMMA = YES;
				CLANG_WARN_CONSTANT_CONVERSION = YES;
				CLANG_WARN_DEPRECATED_OBJC_IMPLEMENTATIONS = YES;
				CLANG_WARN_DIRECT_OBJC_ISA_USAGE = YES_ERROR;
				CLANG_WARN_DOCUMENTATION_COMMENTS = YES;
				CLANG_WARN_EMPTY_BODY = YES;
				CLANG_WARN_ENUM_CONVERSION = YES;
				CLANG_WARN_INFINITE_RECURSION = YES;
				CLANG_WARN_INT_CONVERSION = YES;
				CLANG_WARN_NON_LITERAL_NULL_CONVERSION = YES;
				CLANG_WARN_OBJC_IMPLICIT_RETAIN_SELF = YES;
				CLANG_WARN_OBJC_LITERAL_CONVERSION = YES;
				CLANG_WARN_OBJC_ROOT_CLASS = YES_ERROR;
				CLANG_WARN_QUOTED_INCLUDE_IN_FRAMEWORK_HEADER = YES;
				CLANG_WARN_RANGE_LOOP_ANALYSIS = YES;
				CLANG_WARN_STRICT_PROTOTYPES = YES;
				CLANG_WARN_SUSPICIOUS_MOVE = YES;
				CLANG_WARN_UNGUARDED_AVAILABILITY = YES_AGGRESSIVE;
				CLANG_WARN_UNREACHABLE_CODE = YES;
				CLANG_WARN__DUPLICATE_METHOD_MATCH = YES;
				COPY_PHASE_STRIP = NO;
				DEBUG_INFORMATION_FORMAT = "dwarf-with-dsym";
				ENABLE_NS_ASSERTIONS = NO;
				ENABLE_STRICT_OBJC_MSGSEND = YES;
				GCC_C_LANGUAGE_STANDARD = gnu11;
				GCC_NO_COMMON_BLOCKS = YES;
				GCC_WARN_64_TO_32_BIT_CONVERSION = YES;
				GCC_WARN_ABOUT_RETURN_TYPE = YES_ERROR;
				GCC_WARN_UNDECLARED_SELECTOR = YES;
				GCC_WARN_UNINITIALIZED_AUTOS = YES_AGGRESSIVE;
				GCC_WARN_UNUSED_FUNCTION = YES;
				GCC_WARN_UNUSED_VARIABLE = YES;
				IPHONEOS_DEPLOYMENT_TARGET = 14.5;
				MTL_ENABLE_DEBUG_INFO = NO;
				MTL_FAST_MATH = YES;
				SDKROOT = iphoneos;
				SWIFT_COMPILATION_MODE = wholemodule;
				SWIFT_OPTIMIZATION_LEVEL = "-O";
				VALIDATE_PRODUCT = YES;
			};
			name = Release;
		};
		B91F909D26CDFCE400FDAC9B /* Debug */ = {
			isa = XCBuildConfiguration;
			buildSettings = {
				ASSETCATALOG_COMPILER_APPICON_NAME = AppIcon;
				ASSETCATALOG_COMPILER_GLOBAL_ACCENT_COLOR_NAME = AccentColor;
				CODE_SIGN_STYLE = Automatic;
				DEVELOPMENT_ASSET_PATHS = "\"tragent_ios/Preview Content\"";
				DEVELOPMENT_TEAM = 7YYHACLKF6;
				ENABLE_PREVIEWS = YES;
				INFOPLIST_FILE = tragent_ios/Info.plist;
				IPHONEOS_DEPLOYMENT_TARGET = 14.0;
				LD_RUNPATH_SEARCH_PATHS = (
					"$(inherited)",
					"@executable_path/Frameworks",
				);
				PRODUCT_BUNDLE_IDENTIFIER = "com.sophiatang128.tragent-ios";
				PRODUCT_NAME = "$(TARGET_NAME)";
				SWIFT_VERSION = 5.0;
				TARGETED_DEVICE_FAMILY = "1,2";
			};
			name = Debug;
		};
		B91F909E26CDFCE400FDAC9B /* Release */ = {
			isa = XCBuildConfiguration;
			buildSettings = {
				ASSETCATALOG_COMPILER_APPICON_NAME = AppIcon;
				ASSETCATALOG_COMPILER_GLOBAL_ACCENT_COLOR_NAME = AccentColor;
				CODE_SIGN_STYLE = Automatic;
				DEVELOPMENT_ASSET_PATHS = "\"tragent_ios/Preview Content\"";
				DEVELOPMENT_TEAM = 7YYHACLKF6;
				ENABLE_PREVIEWS = YES;
				INFOPLIST_FILE = tragent_ios/Info.plist;
				IPHONEOS_DEPLOYMENT_TARGET = 14.0;
				LD_RUNPATH_SEARCH_PATHS = (
					"$(inherited)",
					"@executable_path/Frameworks",
				);
				PRODUCT_BUNDLE_IDENTIFIER = "com.sophiatang128.tragent-ios";
				PRODUCT_NAME = "$(TARGET_NAME)";
				SWIFT_VERSION = 5.0;
				TARGETED_DEVICE_FAMILY = "1,2";
			};
			name = Release;
		};
		B91F90A026CDFCE400FDAC9B /* Debug */ = {
			isa = XCBuildConfiguration;
			buildSettings = {
				ALWAYS_EMBED_SWIFT_STANDARD_LIBRARIES = YES;
				BUNDLE_LOADER = "$(TEST_HOST)";
				CODE_SIGN_STYLE = Automatic;
				DEVELOPMENT_TEAM = 7YYHACLKF6;
				INFOPLIST_FILE = tragent_iosTests/Info.plist;
				IPHONEOS_DEPLOYMENT_TARGET = 14.0;
				LD_RUNPATH_SEARCH_PATHS = (
					"$(inherited)",
					"@executable_path/Frameworks",
					"@loader_path/Frameworks",
				);
				PRODUCT_BUNDLE_IDENTIFIER = "com.sophiatang128.tragent-iosTests";
				PRODUCT_NAME = "$(TARGET_NAME)";
				SWIFT_VERSION = 5.0;
				TARGETED_DEVICE_FAMILY = "1,2";
				TEST_HOST = "$(BUILT_PRODUCTS_DIR)/tragent_ios.app/tragent_ios";
			};
			name = Debug;
		};
		B91F90A126CDFCE400FDAC9B /* Release */ = {
			isa = XCBuildConfiguration;
			buildSettings = {
				ALWAYS_EMBED_SWIFT_STANDARD_LIBRARIES = YES;
				BUNDLE_LOADER = "$(TEST_HOST)";
				CODE_SIGN_STYLE = Automatic;
				DEVELOPMENT_TEAM = 7YYHACLKF6;
				INFOPLIST_FILE = tragent_iosTests/Info.plist;
				IPHONEOS_DEPLOYMENT_TARGET = 14.0;
				LD_RUNPATH_SEARCH_PATHS = (
					"$(inherited)",
					"@executable_path/Frameworks",
					"@loader_path/Frameworks",
				);
				PRODUCT_BUNDLE_IDENTIFIER = "com.sophiatang128.tragent-iosTests";
				PRODUCT_NAME = "$(TARGET_NAME)";
				SWIFT_VERSION = 5.0;
				TARGETED_DEVICE_FAMILY = "1,2";
				TEST_HOST = "$(BUILT_PRODUCTS_DIR)/tragent_ios.app/tragent_ios";
			};
			name = Release;
		};
		B91F90A326CDFCE400FDAC9B /* Debug */ = {
			isa = XCBuildConfiguration;
			buildSettings = {
				ALWAYS_EMBED_SWIFT_STANDARD_LIBRARIES = YES;
				CODE_SIGN_STYLE = Automatic;
				DEVELOPMENT_TEAM = 7YYHACLKF6;
				INFOPLIST_FILE = tragent_iosUITests/Info.plist;
				LD_RUNPATH_SEARCH_PATHS = (
					"$(inherited)",
					"@executable_path/Frameworks",
					"@loader_path/Frameworks",
				);
				PRODUCT_BUNDLE_IDENTIFIER = "com.sophiatang128.tragent-iosUITests";
				PRODUCT_NAME = "$(TARGET_NAME)";
				SWIFT_VERSION = 5.0;
				TARGETED_DEVICE_FAMILY = "1,2";
				TEST_TARGET_NAME = tragent_ios;
			};
			name = Debug;
		};
		B91F90A426CDFCE400FDAC9B /* Release */ = {
			isa = XCBuildConfiguration;
			buildSettings = {
				ALWAYS_EMBED_SWIFT_STANDARD_LIBRARIES = YES;
				CODE_SIGN_STYLE = Automatic;
				DEVELOPMENT_TEAM = 7YYHACLKF6;
				INFOPLIST_FILE = tragent_iosUITests/Info.plist;
				LD_RUNPATH_SEARCH_PATHS = (
					"$(inherited)",
					"@executable_path/Frameworks",
					"@loader_path/Frameworks",
				);
				PRODUCT_BUNDLE_IDENTIFIER = "com.sophiatang128.tragent-iosUITests";
				PRODUCT_NAME = "$(TARGET_NAME)";
				SWIFT_VERSION = 5.0;
				TARGETED_DEVICE_FAMILY = "1,2";
				TEST_TARGET_NAME = tragent_ios;
			};
			name = Release;
		};
/* End XCBuildConfiguration section */

/* Begin XCConfigurationList section */
		B91F907226CDFCE100FDAC9B /* Build configuration list for PBXProject "tragent_ios" */ = {
			isa = XCConfigurationList;
			buildConfigurations = (
				B91F909A26CDFCE400FDAC9B /* Debug */,
				B91F909B26CDFCE400FDAC9B /* Release */,
			);
			defaultConfigurationIsVisible = 0;
			defaultConfigurationName = Release;
		};
		B91F909C26CDFCE400FDAC9B /* Build configuration list for PBXNativeTarget "tragent_ios" */ = {
			isa = XCConfigurationList;
			buildConfigurations = (
				B91F909D26CDFCE400FDAC9B /* Debug */,
				B91F909E26CDFCE400FDAC9B /* Release */,
			);
			defaultConfigurationIsVisible = 0;
			defaultConfigurationName = Release;
		};
		B91F909F26CDFCE400FDAC9B /* Build configuration list for PBXNativeTarget "tragent_iosTests" */ = {
			isa = XCConfigurationList;
			buildConfigurations = (
				B91F90A026CDFCE400FDAC9B /* Debug */,
				B91F90A126CDFCE400FDAC9B /* Release */,
			);
			defaultConfigurationIsVisible = 0;
			defaultConfigurationName = Release;
		};
		B91F90A226CDFCE400FDAC9B /* Build configuration list for PBXNativeTarget "tragent_iosUITests" */ = {
			isa = XCConfigurationList;
			buildConfigurations = (
				B91F90A326CDFCE400FDAC9B /* Debug */,
				B91F90A426CDFCE400FDAC9B /* Release */,
			);
			defaultConfigurationIsVisible = 0;
			defaultConfigurationName = Release;
		};
/* End XCConfigurationList section */
	};
	rootObject = B91F906F26CDFCE100FDAC9B /* Project object */;
}
